Microsoft Visual Studio Solution File, Format Version 12.00
# Visual Studio Version 17
VisualStudioVersion = 17.0.31903.59
MinimumVisualStudioVersion = 10.0.40219.1
Project("{FAE04EC0-301F-11D3-BF4B-00C04F79EFBC}") = "AbraKeyVaultSettingsMapper", "src\AbraKeyVaultSettingsMapper\AbraKeyVaultSettingsMapper.csproj", "{A7E97D1E-64D9-427C-BDF7-0F9273F4D3E4}"
EndProject
Project("{FAE04EC0-301F-11D3-BF4B-00C04F79EFBC}") = "AbraKeyVaultSettingsMapper.Tests", "tests\AbraKeyVaultSettingsMapper.Tests\AbraKeyVaultSettingsMapper.Tests.csproj", "{0B52F4F0-7B81-4227-9C10-BC39835ED4F8}"
EndProject
Global
	GlobalSection(SolutionConfigurationPlatforms) = preSolution
		Debug|Any CPU = Debug|Any CPU
		Release|Any CPU = Release|Any CPU
	EndGlobalSection
	GlobalSection(ProjectConfigurationPlatforms) = postSolution
		{A7E97D1E-64D9-427C-BDF7-0F9273F4D3E4}.Debug|Any CPU.ActiveCfg = Debug|Any CPU
		{A7E97D1E-64D9-427C-BDF7-0F9273F4D3E4}.Debug|Any CPU.Build.0 = Debug|Any CPU
		{A7E97D1E-64D9-427C-BDF7-0F9273F4D3E4}.Release|Any CPU.ActiveCfg = Release|Any CPU
		{A7E97D1E-64D9-427C-BDF7-0F9273F4D3E4}.Release|Any CPU.Build.0 = Release|Any CPU
		{0B52F4F0-7B81-4227-9C10-BC39835ED4F8}.Debug|Any CPU.ActiveCfg = Debug|Any CPU
		{0B52F4F0-7B81-4227-9C10-BC39835ED4F8}.Debug|Any CPU.Build.0 = Debug|Any CPU
		{0B52F4F0-7B81-4227-9C10-BC39835ED4F8}.Release|Any CPU.ActiveCfg = Release|Any CPU
		{0B52F4F0-7B81-4227-9C10-BC39835ED4F8}.Release|Any CPU.Build.0 = Release|Any CPU
	EndGlobalSection
	GlobalSection(SolutionProperties) = preSolution
		HideSolutionNode = FALSE
	EndGlobalSection
	GlobalSection(ExtensibilityGlobals) = postSolution
		SolutionGuid = {7184395A-155A-4CC2-89AB-2DA6B624E765}
	EndGlobalSection
EndGlobal
